PODS:
  - Sourcery (1.0.3)
  - SwiftyMocky (4.0.4):
    - Sourcery (~> 1.0.2)

DEPENDENCIES:
  - SwiftyMocky

SPEC REPOS:
  trunk:
    - Sourcery
    - SwiftyMocky

SPEC CHECKSUMS:
  Sourcery: 70a6048014bd4f37ea80e6bd4354d47bf3b760e1
  SwiftyMocky: 1fb3ceca9ded134dad4da58a0f20023d7f685ccf

PODFILE CHECKSUM: 991f31cf57293d01aee733910cc206fd88693ca7

COCOAPODS: 1.10.1
